
Microsoft Visual Studio Solution File, Format Version 12.00
# Visual Studio Version 16
VisualStudioVersion = 16.0.31005.135
MinimumVisualStudioVersion = 10.0.40219.1
Project("{FAE04EC0-301F-11D3-BF4B-00C04F79EFBC}") = "week10", "week10\week10.csproj", "{5954AF12-EBF0-41DB-9F61-178E1B4C655C}"
EndProject
Global
	GlobalSection(SolutionConfigurationPlatforms) = preSolution
		Debug|Any CPU = Debug|Any CPU
		Release|Any CPU = Release|Any CPU
	EndGlobalSection
	GlobalSection(ProjectConfigurationPlatforms) = postSolution
		{5954AF12-EBF0-41DB-9F61-178E1B4C655C}.Debug|Any CPU.ActiveCfg = Debug|Any CPU
		{5954AF12-EBF0-41DB-9F61-178E1B4C655C}.Debug|Any CPU.Build.0 = Debug|Any CPU
		{5954AF12-EBF0-41DB-9F61-178E1B4C655C}.Release|Any CPU.ActiveCfg = Release|Any CPU
		{5954AF12-EBF0-41DB-9F61-178E1B4C655C}.Release|Any CPU.Build.0 = Release|Any CPU
	EndGlobalSection
	GlobalSection(SolutionProperties) = preSolution
		HideSolutionNode = FALSE
	EndGlobalSection
	GlobalSection(ExtensibilityGlobals) = postSolution
		SolutionGuid = {A9E4100C-9825-4F3B-96C0-A53E688C9232}
	EndGlobalSection
EndGlobal
